
Microsoft Visual Studio Solution File, Format Version 12.00
# Visual Studio 2013
Project("{FAE04EC0-301F-11D3-BF4B-00C04F79EFBC}") = "FmodAudioSystem.UnityTest.Lib.CSharp", "FmodAudioSystem.UnityTest.Lib.CSharp.csproj", "{89D85CE0-C65C-C5AE-0290-BFBAAB8C6FB0}"
EndProject
Global
	GlobalSection(SolutionConfigurationPlatforms) = preSolution
		Debug|Any CPU = Debug|Any CPU
		Release|Any CPU = Release|Any CPU
	EndGlobalSection
	GlobalSection(ProjectConfigurationPlatforms) = postSolution
		{89D85CE0-C65C-C5AE-0290-BFBAAB8C6FB0}.Debug|Any CPU.ActiveCfg = Debug|Any CPU
		{89D85CE0-C65C-C5AE-0290-BFBAAB8C6FB0}.Debug|Any CPU.Build.0 = Debug|Any CPU
		{89D85CE0-C65C-C5AE-0290-BFBAAB8C6FB0}.Release|Any CPU.ActiveCfg = Release|Any CPU
		{89D85CE0-C65C-C5AE-0290-BFBAAB8C6FB0}.Release|Any CPU.Build.0 = Release|Any CPU
	EndGlobalSection
	GlobalSection(SolutionProperties) = preSolution
		HideSolutionNode = FALSE
	EndGlobalSection
EndGlobal
